
Microsoft Visual Studio Solution File, Format Version 12.00
# Visual Studio 14
VisualStudioVersion = 14.0.25123.0
MinimumVisualStudioVersion = 10.0.40219.1
Project("{FAE04EC0-301F-11D3-BF4B-00C04F79EFBC}") = "SearchAThing.Collections", "..\SearchAThing.Collections\src\SearchAThing.Collections.csproj", "{5B7D3F82-9B6F-476F-873F-92A36B96E8ED}"
EndProject
Project("{FAE04EC0-301F-11D3-BF4B-00C04F79EFBC}") = "SearchAThing.Graph", "src\SearchAThing.Graph.csproj", "{D818C09A-9E98-46B4-98C7-81836B7F9585}"
EndProject
Global
	GlobalSection(SolutionConfigurationPlatforms) = preSolution
		Debug|Any CPU = Debug|Any CPU
		Debug2|Any CPU = Debug2|Any CPU
		Release|Any CPU = Release|Any CPU
	EndGlobalSection
	GlobalSection(ProjectConfigurationPlatforms) = postSolution
		{5B7D3F82-9B6F-476F-873F-92A36B96E8ED}.Debug|Any CPU.ActiveCfg = Debug|Any CPU
		{5B7D3F82-9B6F-476F-873F-92A36B96E8ED}.Debug|Any CPU.Build.0 = Debug|Any CPU
		{5B7D3F82-9B6F-476F-873F-92A36B96E8ED}.Debug2|Any CPU.ActiveCfg = Debug2|Any CPU
		{5B7D3F82-9B6F-476F-873F-92A36B96E8ED}.Debug2|Any CPU.Build.0 = Debug2|Any CPU
		{5B7D3F82-9B6F-476F-873F-92A36B96E8ED}.Release|Any CPU.ActiveCfg = Release|Any CPU
		{5B7D3F82-9B6F-476F-873F-92A36B96E8ED}.Release|Any CPU.Build.0 = Release|Any CPU
		{D818C09A-9E98-46B4-98C7-81836B7F9585}.Debug|Any CPU.ActiveCfg = Debug|Any CPU
		{D818C09A-9E98-46B4-98C7-81836B7F9585}.Debug|Any CPU.Build.0 = Debug|Any CPU
		{D818C09A-9E98-46B4-98C7-81836B7F9585}.Debug2|Any CPU.ActiveCfg = Debug|Any CPU
		{D818C09A-9E98-46B4-98C7-81836B7F9585}.Debug2|Any CPU.Build.0 = Debug|Any CPU
		{D818C09A-9E98-46B4-98C7-81836B7F9585}.Release|Any CPU.ActiveCfg = Release|Any CPU
		{D818C09A-9E98-46B4-98C7-81836B7F9585}.Release|Any CPU.Build.0 = Release|Any CPU
	EndGlobalSection
	GlobalSection(SolutionProperties) = preSolution
		HideSolutionNode = FALSE
	EndGlobalSection
EndGlobal
